
Microsoft Visual Studio Solution File, Format Version 12.00
# Visual Studio Version 17
VisualStudioVersion = 17.8.34408.163
MinimumVisualStudioVersion = 10.0.40219.1
Project("{FAE04EC0-301F-11D3-BF4B-00C04F79EFBC}") = "CRMApp.DOMAIN", "CRMApp.DOMAIN\CRMApp.DOMAIN.csproj", "{56CD216D-8E52-4DA8-9852-87A15E6B6E36}"
EndProject
Project("{FAE04EC0-301F-11D3-BF4B-00C04F79EFBC}") = "CRMApp.BLL", "CRMApp.BLL\CRMApp.BLL.csproj", "{E5E5EA36-8224-4AE3-B402-4FDAD1E0B1CA}"
EndProject
Project("{FAE04EC0-301F-11D3-BF4B-00C04F79EFBC}") = "CRMApp.DAL", "CRMApp.DAL\CRMApp.DAL.csproj", "{7455FFEC-56A6-4A0E-8ABF-AE80D6F397FA}"
EndProject
Project("{FAE04EC0-301F-11D3-BF4B-00C04F79EFBC}") = "CRMApp.WEB", "CRMApp.WEB\CRMApp.WEB.csproj", "{289958F4-9A09-40FA-86D7-24E630C739A9}"
EndProject
Global
	GlobalSection(SolutionConfigurationPlatforms) = preSolution
		Debug|Any CPU = Debug|Any CPU
		Release|Any CPU = Release|Any CPU
	EndGlobalSection
	GlobalSection(ProjectConfigurationPlatforms) = postSolution
		{56CD216D-8E52-4DA8-9852-87A15E6B6E36}.Debug|Any CPU.ActiveCfg = Debug|Any CPU
		{56CD216D-8E52-4DA8-9852-87A15E6B6E36}.Debug|Any CPU.Build.0 = Debug|Any CPU
		{56CD216D-8E52-4DA8-9852-87A15E6B6E36}.Release|Any CPU.ActiveCfg = Release|Any CPU
		{56CD216D-8E52-4DA8-9852-87A15E6B6E36}.Release|Any CPU.Build.0 = Release|Any CPU
		{E5E5EA36-8224-4AE3-B402-4FDAD1E0B1CA}.Debug|Any CPU.ActiveCfg = Debug|Any CPU
		{E5E5EA36-8224-4AE3-B402-4FDAD1E0B1CA}.Debug|Any CPU.Build.0 = Debug|Any CPU
		{E5E5EA36-8224-4AE3-B402-4FDAD1E0B1CA}.Release|Any CPU.ActiveCfg = Release|Any CPU
		{E5E5EA36-8224-4AE3-B402-4FDAD1E0B1CA}.Release|Any CPU.Build.0 = Release|Any CPU
		{7455FFEC-56A6-4A0E-8ABF-AE80D6F397FA}.Debug|Any CPU.ActiveCfg = Debug|Any CPU
		{7455FFEC-56A6-4A0E-8ABF-AE80D6F397FA}.Debug|Any CPU.Build.0 = Debug|Any CPU
		{7455FFEC-56A6-4A0E-8ABF-AE80D6F397FA}.Release|Any CPU.ActiveCfg = Release|Any CPU
		{7455FFEC-56A6-4A0E-8ABF-AE80D6F397FA}.Release|Any CPU.Build.0 = Release|Any CPU
		{289958F4-9A09-40FA-86D7-24E630C739A9}.Debug|Any CPU.ActiveCfg = Debug|Any CPU
		{289958F4-9A09-40FA-86D7-24E630C739A9}.Debug|Any CPU.Build.0 = Debug|Any CPU
		{289958F4-9A09-40FA-86D7-24E630C739A9}.Release|Any CPU.ActiveCfg = Release|Any CPU
		{289958F4-9A09-40FA-86D7-24E630C739A9}.Release|Any CPU.Build.0 = Release|Any CPU
	EndGlobalSection
	GlobalSection(SolutionProperties) = preSolution
		HideSolutionNode = FALSE
	EndGlobalSection
	GlobalSection(ExtensibilityGlobals) = postSolution
		SolutionGuid = {3215AEEC-A2D3-4618-A131-95E5B341B66F}
	EndGlobalSection
EndGlobal
